
Microsoft Visual Studio Solution File, Format Version 12.00
# Visual Studio Version 17
VisualStudioVersion = 17.9.34607.119
MinimumVisualStudioVersion = 10.0.40219.1
Project("{FAE04EC0-301F-11D3-BF4B-00C04F79EFBC}") = "Edile", "Edile\Edile.csproj", "{89BA61BB-24C5-4EDA-BD06-0B8BA20F733B}"
EndProject
Global
	GlobalSection(SolutionConfigurationPlatforms) = preSolution
		Debug|Any CPU = Debug|Any CPU
		Release|Any CPU = Release|Any CPU
	EndGlobalSection
	GlobalSection(ProjectConfigurationPlatforms) = postSolution
		{89BA61BB-24C5-4EDA-BD06-0B8BA20F733B}.Debug|Any CPU.ActiveCfg = Debug|Any CPU
		{89BA61BB-24C5-4EDA-BD06-0B8BA20F733B}.Debug|Any CPU.Build.0 = Debug|Any CPU
		{89BA61BB-24C5-4EDA-BD06-0B8BA20F733B}.Release|Any CPU.ActiveCfg = Release|Any CPU
		{89BA61BB-24C5-4EDA-BD06-0B8BA20F733B}.Release|Any CPU.Build.0 = Release|Any CPU
	EndGlobalSection
	GlobalSection(SolutionProperties) = preSolution
		HideSolutionNode = FALSE
	EndGlobalSection
	GlobalSection(ExtensibilityGlobals) = postSolution
		SolutionGuid = {7AB3F2F0-C090-4EE2-9B30-AAB1EAE1BEBC}
	EndGlobalSection
EndGlobal
